
Microsoft Visual Studio Solution File, Format Version 12.00
# Visual Studio Version 17
VisualStudioVersion = 17.5.2.0
MinimumVisualStudioVersion = 10.0.40219.1
Project("{FAE04EC0-301F-11D3-BF4B-00C04F79EFBC}") = "MyTowerRegistration.API", "MyTowerRegistration.API\MyTowerRegistration.API.csproj", "{28AFC405-981E-1EF9-0291-3A7FAF18F64A}"
EndProject
Project("{FAE04EC0-301F-11D3-BF4B-00C04F79EFBC}") = "MyTowerRegistration.Data", "MyTowerRegistration.Data\MyTowerRegistration.Data.csproj", "{02E5E60D-19E0-4ADA-3D9C-5B981201BDF7}"
EndProject
Project("{FAE04EC0-301F-11D3-BF4B-00C04F79EFBC}") = "MyTowerRegistration.Tests", "MyTowerRegistration.Tests\MyTowerRegistration.Tests.csproj", "{230D7081-30E8-F9D1-9739-38F203F39301}"
EndProject
Project("{FAE04EC0-301F-11D3-BF4B-00C04F79EFBC}") = "MyTowerRegistration.Admin", "MyTowerRegistration.Admin\MyTowerRegistration.Admin.csproj", "{FFAB9DAE-3F32-4F25-879B-077FC95D01E6}"
EndProject
Global
	GlobalSection(SolutionConfigurationPlatforms) = preSolution
		Debug|Any CPU = Debug|Any CPU
		Debug|x64 = Debug|x64
		Debug|x86 = Debug|x86
		Release|Any CPU = Release|Any CPU
		Release|x64 = Release|x64
		Release|x86 = Release|x86
	EndGlobalSection
	GlobalSection(ProjectConfigurationPlatforms) = postSolution
		{28AFC405-981E-1EF9-0291-3A7FAF18F64A}.Debug|Any CPU.ActiveCfg = Debug|Any CPU
		{28AFC405-981E-1EF9-0291-3A7FAF18F64A}.Debug|Any CPU.Build.0 = Debug|Any CPU
		{28AFC405-981E-1EF9-0291-3A7FAF18F64A}.Debug|x64.ActiveCfg = Debug|Any CPU
		{28AFC405-981E-1EF9-0291-3A7FAF18F64A}.Debug|x64.Build.0 = Debug|Any CPU
		{28AFC405-981E-1EF9-0291-3A7FAF18F64A}.Debug|x86.ActiveCfg = Debug|Any CPU
		{28AFC405-981E-1EF9-0291-3A7FAF18F64A}.Debug|x86.Build.0 = Debug|Any CPU
		{28AFC405-981E-1EF9-0291-3A7FAF18F64A}.Release|Any CPU.ActiveCfg = Release|Any CPU
		{28AFC405-981E-1EF9-0291-3A7FAF18F64A}.Release|Any CPU.Build.0 = Release|Any CPU
		{28AFC405-981E-1EF9-0291-3A7FAF18F64A}.Release|x64.ActiveCfg = Release|Any CPU
		{28AFC405-981E-1EF9-0291-3A7FAF18F64A}.Release|x64.Build.0 = Release|Any CPU
		{28AFC405-981E-1EF9-0291-3A7FAF18F64A}.Release|x86.ActiveCfg = Release|Any CPU
		{28AFC405-981E-1EF9-0291-3A7FAF18F64A}.Release|x86.Build.0 = Release|Any CPU
		{02E5E60D-19E0-4ADA-3D9C-5B981201BDF7}.Debug|Any CPU.ActiveCfg = Debug|Any CPU
		{02E5E60D-19E0-4ADA-3D9C-5B981201BDF7}.Debug|Any CPU.Build.0 = Debug|Any CPU
		{02E5E60D-19E0-4ADA-3D9C-5B981201BDF7}.Debug|x64.ActiveCfg = Debug|Any CPU
		{02E5E60D-19E0-4ADA-3D9C-5B981201BDF7}.Debug|x64.Build.0 = Debug|Any CPU
		{02E5E60D-19E0-4ADA-3D9C-5B981201BDF7}.Debug|x86.ActiveCfg = Debug|Any CPU
		{02E5E60D-19E0-4ADA-3D9C-5B981201BDF7}.Debug|x86.Build.0 = Debug|Any CPU
		{02E5E60D-19E0-4ADA-3D9C-5B981201BDF7}.Release|Any CPU.ActiveCfg = Release|Any CPU
		{02E5E60D-19E0-4ADA-3D9C-5B981201BDF7}.Release|Any CPU.Build.0 = Release|Any CPU
		{02E5E60D-19E0-4ADA-3D9C-5B981201BDF7}.Release|x64.ActiveCfg = Release|Any CPU
		{02E5E60D-19E0-4ADA-3D9C-5B981201BDF7}.Release|x64.Build.0 = Release|Any CPU
		{02E5E60D-19E0-4ADA-3D9C-5B981201BDF7}.Release|x86.ActiveCfg = Release|Any CPU
		{02E5E60D-19E0-4ADA-3D9C-5B981201BDF7}.Release|x86.Build.0 = Release|Any CPU
		{230D7081-30E8-F9D1-9739-38F203F39301}.Debug|Any CPU.ActiveCfg = Debug|Any CPU
		{230D7081-30E8-F9D1-9739-38F203F39301}.Debug|Any CPU.Build.0 = Debug|Any CPU
		{230D7081-30E8-F9D1-9739-38F203F39301}.Debug|x64.ActiveCfg = Debug|Any CPU
		{230D7081-30E8-F9D1-9739-38F203F39301}.Debug|x64.Build.0 = Debug|Any CPU
		{230D7081-30E8-F9D1-9739-38F203F39301}.Debug|x86.ActiveCfg = Debug|Any CPU
		{230D7081-30E8-F9D1-9739-38F203F39301}.Debug|x86.Build.0 = Debug|Any CPU
		{230D7081-30E8-F9D1-9739-38F203F39301}.Release|Any CPU.ActiveCfg = Release|Any CPU
		{230D7081-30E8-F9D1-9739-38F203F39301}.Release|Any CPU.Build.0 = Release|Any CPU
		{230D7081-30E8-F9D1-9739-38F203F39301}.Release|x64.ActiveCfg = Release|Any CPU
		{230D7081-30E8-F9D1-9739-38F203F39301}.Release|x64.Build.0 = Release|Any CPU
		{230D7081-30E8-F9D1-9739-38F203F39301}.Release|x86.ActiveCfg = Release|Any CPU
		{230D7081-30E8-F9D1-9739-38F203F39301}.Release|x86.Build.0 = Release|Any CPU
		{FFAB9DAE-3F32-4F25-879B-077FC95D01E6}.Debug|Any CPU.ActiveCfg = Debug|Any CPU
		{FFAB9DAE-3F32-4F25-879B-077FC95D01E6}.Debug|Any CPU.Build.0 = Debug|Any CPU
		{FFAB9DAE-3F32-4F25-879B-077FC95D01E6}.Debug|x64.ActiveCfg = Debug|Any CPU
		{FFAB9DAE-3F32-4F25-879B-077FC95D01E6}.Debug|x64.Build.0 = Debug|Any CPU
		{FFAB9DAE-3F32-4F25-879B-077FC95D01E6}.Debug|x86.ActiveCfg = Debug|Any CPU
		{FFAB9DAE-3F32-4F25-879B-077FC95D01E6}.Debug|x86.Build.0 = Debug|Any CPU
		{FFAB9DAE-3F32-4F25-879B-077FC95D01E6}.Release|Any CPU.ActiveCfg = Release|Any CPU
		{FFAB9DAE-3F32-4F25-879B-077FC95D01E6}.Release|Any CPU.Build.0 = Release|Any CPU
		{FFAB9DAE-3F32-4F25-879B-077FC95D01E6}.Release|x64.ActiveCfg = Release|Any CPU
		{FFAB9DAE-3F32-4F25-879B-077FC95D01E6}.Release|x64.Build.0 = Release|Any CPU
		{FFAB9DAE-3F32-4F25-879B-077FC95D01E6}.Release|x86.ActiveCfg = Release|Any CPU
		{FFAB9DAE-3F32-4F25-879B-077FC95D01E6}.Release|x86.Build.0 = Release|Any CPU
	EndGlobalSection
	GlobalSection(SolutionProperties) = preSolution
		HideSolutionNode = FALSE
	EndGlobalSection
	GlobalSection(ExtensibilityGlobals) = postSolution
		SolutionGuid = {E8CF526E-7DB6-4E75-9F64-31C6F4D92F83}
	EndGlobalSection
EndGlobal
